// !$*UTF8*$!
{
	archiveVersion = 1;
	classes = {
	};
	objectVersion = 50;
	objects = {

/* Begin PBXBuildFile section */
		2E333BEC2615395900136BD1 /* SushiReviews.swift in Sources */ = {isa = PBXBuildFile; fileRef = 2E333BEB2615395900136BD1 /* SushiReviews.swift */; };
		2E4AAA3C25F8211C0011EBB6 /* Recursion.swift in Sources */ = {isa = PBXBuildFile; fileRef = 2E4AAA3B25F8211C0011EBB6 /* Recursion.swift */; };
		2E4AAA4225F975E80011EBB6 /* ExhaustiveSearch.swift in Sources */ = {isa = PBXBuildFile; fileRef = 2E4AAA4125F975E80011EBB6 /* ExhaustiveSearch.swift */; };
		2E4AAA4525F9A5970011EBB6 /* String+DPStringTool.swift in Sources */ = {isa = PBXBuildFile; fileRef = 2E4AAA4425F9A5970011EBB6 /* String+DPStringTool.swift */; };
		2E4AAA4825FAC5980011EBB6 /* BackTracking.swift in Sources */ = {isa = PBXBuildFile; fileRef = 2E4AAA4725FAC5980011EBB6 /* BackTracking.swift */; };
		2E4AAA4C25FC0F270011EBB6 /* Searching.swift in Sources */ = {isa = PBXBuildFile; fileRef = 2E4AAA4B25FC0F270011EBB6 /* Searching.swift */; };
		2E4AAA5025FC11430011EBB6 /* Sorting.swift in Sources */ = {isa = PBXBuildFile; fileRef = 2E4AAA4F25FC11430011EBB6 /* Sorting.swift */; };
		2E4AAA5325FD8FA00011EBB6 /* FileManager.swift in Sources */ = {isa = PBXBuildFile; fileRef = 2E4AAA5225FD8FA00011EBB6 /* FileManager.swift */; };
		2E4AAA5825FFD9E50011EBB6 /* Board.swift in Sources */ = {isa = PBXBuildFile; fileRef = 2E4AAA5625FFD9E50011EBB6 /* Board.swift */; };
		2E4AAA5925FFD9E50011EBB6 /* QueensSolver.swift in Sources */ = {isa = PBXBuildFile; fileRef = 2E4AAA5725FFD9E50011EBB6 /* QueensSolver.swift */; };
		2E4AAA5D25FFF7470011EBB6 /* Bag.swift in Sources */ = {isa = PBXBuildFile; fileRef = 2E4AAA5C25FFF7470011EBB6 /* Bag.swift */; };
		2E4AAA612601455C0011EBB6 /* Stack.swift in Sources */ = {isa = PBXBuildFile; fileRef = 2E4AAA602601455C0011EBB6 /* Stack.swift */; };
		2E4AAA64260145730011EBB6 /* Queue.swift in Sources */ = {isa = PBXBuildFile; fileRef = 2E4AAA63260145730011EBB6 /* Queue.swift */; };
		2E4AAA6826029C5D0011EBB6 /* TreeTraversal.swift in Sources */ = {isa = PBXBuildFile; fileRef = 2E4AAA6726029C5D0011EBB6 /* TreeTraversal.swift */; };
		2E4AAA6E2603CD560011EBB6 /* Stream.swift in Sources */ = {isa = PBXBuildFile; fileRef = 2E4AAA6D2603CD560011EBB6 /* Stream.swift */; };
		2E4AAA74260558910011EBB6 /* FindParent.swift in Sources */ = {isa = PBXBuildFile; fileRef = 2E4AAA73260558910011EBB6 /* FindParent.swift */; };
		2E4AAA7A2607E5B40011EBB6 /* Diameter.swift in Sources */ = {isa = PBXBuildFile; fileRef = 2E4AAA792607E5B40011EBB6 /* Diameter.swift */; };
		2E4AAA7D26098E450011EBB6 /* TreeAssignment.swift in Sources */ = {isa = PBXBuildFile; fileRef = 2E4AAA7C26098E440011EBB6 /* TreeAssignment.swift */; };
		2E4AAA80260992240011EBB6 /* LCA.swift in Sources */ = {isa = PBXBuildFile; fileRef = 2E4AAA7F260992240011EBB6 /* LCA.swift */; };
		2EAA3E65260B178400FE3FFC /* main.swift in Sources */ = {isa = PBXBuildFile; fileRef = 2EAA3E64260B178400FE3FFC /* main.swift */; };
		2EAA3E70260BFDF300FE3FFC /* TreeAssignment1.swift in Sources */ = {isa = PBXBuildFile; fileRef = 2EAA3E6F260BFDF300FE3FFC /* TreeAssignment1.swift */; };
		2EAA3E73260BFDFA00FE3FFC /* LCA(linear).swift in Sources */ = {isa = PBXBuildFile; fileRef = 2EAA3E72260BFDFA00FE3FFC /* LCA(linear).swift */; };
		2EAA3E7A260C060A00FE3FFC /* GraphAssignment.swift in Sources */ = {isa = PBXBuildFile; fileRef = 2EAA3E79260C060A00FE3FFC /* GraphAssignment.swift */; };
		2EAA3E85260C0D3900FE3FFC /* BFS.swift in Sources */ = {isa = PBXBuildFile; fileRef = 2EAA3E7E260C0D3800FE3FFC /* BFS.swift */; };
		2EAA3E87260C0D3900FE3FFC /* bipartite.swift in Sources */ = {isa = PBXBuildFile; fileRef = 2EAA3E80260C0D3800FE3FFC /* bipartite.swift */; };
		2EAA3E88260C0D3900FE3FFC /* ConnectedComponents.swift in Sources */ = {isa = PBXBuildFile; fileRef = 2EAA3E81260C0D3800FE3FFC /* ConnectedComponents.swift */; };
		2EAA3E89260C0D3900FE3FFC /* AdjacencyList.swift in Sources */ = {isa = PBXBuildFile; fileRef = 2EAA3E82260C0D3800FE3FFC /* AdjacencyList.swift */; };
		2EAA3E8A260C0D3900FE3FFC /* DFS.swift in Sources */ = {isa = PBXBuildFile; fileRef = 2EAA3E83260C0D3900FE3FFC /* DFS.swift */; };
		2EAA3E8B260C0D3900FE3FFC /* AdjacencyMatrix.swift in Sources */ = {isa = PBXBuildFile; fileRef = 2EAA3E84260C0D3900FE3FFC /* AdjacencyMatrix.swift */; };
		2EFF957E2617D2DF00B40779 /* Town.swift in Sources */ = {isa = PBXBuildFile; fileRef = 2EFF957D2617D2DF00B40779 /* Town.swift */; };
		2EFF95832617DE7200B40779 /* TomatoFarmAss.swift in Sources */ = {isa = PBXBuildFile; fileRef = 2EFF95822617DE7200B40779 /* TomatoFarmAss.swift */; };
		2EFF958A261D723300B40779 /* sushi.swift in Sources */ = {isa = PBXBuildFile; fileRef = 2EFF9589261D723300B40779 /* sushi.swift */; };
		2EFF958D261D730500B40779 /* SushiIterative.swift in Sources */ = {isa = PBXBuildFile; fileRef = 2EFF958C261D730500B40779 /* SushiIterative.swift */; };
		2EFF9590261D734900B40779 /* TopologicalSort1.swift in Sources */ = {isa = PBXBuildFile; fileRef = 2EFF958F261D734900B40779 /* TopologicalSort1.swift */; };
		2EFF9594261D736600B40779 /* TopologicalSort.swift in Sources */ = {isa = PBXBuildFile; fileRef = 2EFF9593261D736600B40779 /* TopologicalSort.swift */; };
		2EFF959C261E608D00B40779 /* UF.swift in Sources */ = {isa = PBXBuildFile; fileRef = 2EFF959B261E608D00B40779 /* UF.swift */; };
		2EFF95A0261E987B00B40779 /* UF_Exercises.swift in Sources */ = {isa = PBXBuildFile; fileRef = 2EFF959F261E987B00B40779 /* UF_Exercises.swift */; };
		2EFF95A4261FB26800B40779 /* Greedy.swift in Sources */ = {isa = PBXBuildFile; fileRef = 2EFF95A3261FB26800B40779 /* Greedy.swift */; };
		2EFF95A82623BDA400B40779 /* MSTImplementation.swift in Sources */ = {isa = PBXBuildFile; fileRef = 2EFF95A72623BDA400B40779 /* MSTImplementation.swift */; };
		2EFF95AE2624136100B40779 /* Bridges.swift in Sources */ = {isa = PBXBuildFile; fileRef = 2EFF95AA2624136100B40779 /* Bridges.swift */; };
		2EFF95AF2624136100B40779 /* RepeatingSequence.swift in Sources */ = {isa = PBXBuildFile; fileRef = 2EFF95AB2624136100B40779 /* RepeatingSequence.swift */; };
		2EFF95B02624136100B40779 /* TomatoFarm.swift in Sources */ = {isa = PBXBuildFile; fileRef = 2EFF95AC2624136100B40779 /* TomatoFarm.swift */; };
		2EFF95B12624136100B40779 /* CyclicPermutation.swift in Sources */ = {isa = PBXBuildFile; fileRef = 2EFF95AD2624136100B40779 /* CyclicPermutation.swift */; };
		2EFF95B42624141800B40779 /* UF (1).swift in Sources */ = {isa = PBXBuildFile; fileRef = 2EFF95B32624141800B40779 /* UF (1).swift */; };
		2EFF95BB262511D900B40779 /* GasStation.swift in Sources */ = {isa = PBXBuildFile; fileRef = 2EFF95B7262511D900B40779 /* GasStation.swift */; };
		2EFF95BC262511D900B40779 /* TwoCityScheduling.swift in Sources */ = {isa = PBXBuildFile; fileRef = 2EFF95B8262511D900B40779 /* TwoCityScheduling.swift */; };
		2EFF95BD262511D900B40779 /* DijkstraArray.swift in Sources */ = {isa = PBXBuildFile; fileRef = 2EFF95B9262511D900B40779 /* DijkstraArray.swift */; };
		2EFF95BE262511D900B40779 /* PartitionLabels.swift in Sources */ = {isa = PBXBuildFile; fileRef = 2EFF95BA262511D900B40779 /* PartitionLabels.swift */; };
		2EFF95C12625173900B40779 /* TaskScheduler.swift in Sources */ = {isa = PBXBuildFile; fileRef = 2EFF95C02625173900B40779 /* TaskScheduler.swift */; };
		2EFF95C526251B1E00B40779 /* IndexPriorityQueue.swift in Sources */ = {isa = PBXBuildFile; fileRef = 2EFF95C426251B1E00B40779 /* IndexPriorityQueue.swift */; };
		2EFF95C92626440E00B40779 /* File.swift in Sources */ = {isa = PBXBuildFile; fileRef = 2EFF95C82626440E00B40779 /* File.swift */; };
		2EFF95D02627C8B500B40779 /* MinimumCostFlow.swift in Sources */ = {isa = PBXBuildFile; fileRef = 2EFF95CF2627C8B500B40779 /* MinimumCostFlow.swift */; };
/* End PBXBuildFile section */

/* Begin PBXCopyFilesBuildPhase section */
		2E4AAA2D25F820DA0011EBB6 /* CopyFiles */ = {
			isa = PBXCopyFilesBuildPhase;
			buildActionMask = 2147483647;
			dstPath = /usr/share/man/man1/;
			dstSubfolderSpec = 0;
			files = (
			);
			runOnlyForDeploymentPostprocessing = 1;
		};
/* End PBXCopyFilesBuildPhase section */

/* Begin PBXFileReference section */
		2E333BEB2615395900136BD1 /* SushiReviews.swift */ = {isa = PBXFileReference; lastKnownFileType = sourcecode.swift; path = SushiReviews.swift; sourceTree = "<group>"; };
		2E4AAA2F25F820DA0011EBB6 /* AlgorithmsDataStructure */ = {isa = PBXFileReference; explicitFileType = "compiled.mach-o.executable"; includeInIndex = 0; path = AlgorithmsDataStructure; sourceTree = BUILT_PRODUCTS_DIR; };
		2E4AAA3B25F8211C0011EBB6 /* Recursion.swift */ = {isa = PBXFileReference; lastKnownFileType = sourcecode.swift; path = Recursion.swift; sourceTree = "<group>"; };
		2E4AAA3F25F82F960011EBB6 /* provinces.txt */ = {isa = PBXFileReference; lastKnownFileType = text; path = provinces.txt; sourceTree = "<group>"; };
		2E4AAA4125F975E80011EBB6 /* ExhaustiveSearch.swift */ = {isa = PBXFileReference; lastKnownFileType = sourcecode.swift; path = ExhaustiveSearch.swift; sourceTree = "<group>"; };
		2E4AAA4425F9A5970011EBB6 /* String+DPStringTool.swift */ = {isa = PBXFileReference; fileEncoding = 4; lastKnownFileType = sourcecode.swift; path = "String+DPStringTool.swift"; sourceTree = "<group>"; };
		2E4AAA4725FAC5980011EBB6 /* BackTracking.swift */ = {isa = PBXFileReference; lastKnownFileType = sourcecode.swift; path = BackTracking.swift; sourceTree = "<group>"; };
		2E4AAA4B25FC0F270011EBB6 /* Searching.swift */ = {isa = PBXFileReference; lastKnownFileType = sourcecode.swift; path = Searching.swift; sourceTree = "<group>"; };
		2E4AAA4F25FC11430011EBB6 /* Sorting.swift */ = {isa = PBXFileReference; lastKnownFileType = sourcecode.swift; path = Sorting.swift; sourceTree = "<group>"; };
		2E4AAA5225FD8FA00011EBB6 /* FileManager.swift */ = {isa = PBXFileReference; lastKnownFileType = sourcecode.swift; path = FileManager.swift; sourceTree = "<group>"; };
		2E4AAA5625FFD9E50011EBB6 /* Board.swift */ = {isa = PBXFileReference; fileEncoding = 4; lastKnownFileType = sourcecode.swift; path = Board.swift; sourceTree = "<group>"; };
		2E4AAA5725FFD9E50011EBB6 /* QueensSolver.swift */ = {isa = PBXFileReference; fileEncoding = 4; lastKnownFileType = sourcecode.swift; path = QueensSolver.swift; sourceTree = "<group>"; };
		2E4AAA5C25FFF7470011EBB6 /* Bag.swift */ = {isa = PBXFileReference; lastKnownFileType = sourcecode.swift; path = Bag.swift; sourceTree = "<group>"; };
		2E4AAA602601455C0011EBB6 /* Stack.swift */ = {isa = PBXFileReference; lastKnownFileType = sourcecode.swift; path = Stack.swift; sourceTree = "<group>"; };
		2E4AAA63260145730011EBB6 /* Queue.swift */ = {isa = PBXFileReference; lastKnownFileType = sourcecode.swift; path = Queue.swift; sourceTree = "<group>"; };
		2E4AAA6726029C5D0011EBB6 /* TreeTraversal.swift */ = {isa = PBXFileReference; lastKnownFileType = sourcecode.swift; path = TreeTraversal.swift; sourceTree = "<group>"; };
		2E4AAA6D2603CD560011EBB6 /* Stream.swift */ = {isa = PBXFileReference; lastKnownFileType = sourcecode.swift; path = Stream.swift; sourceTree = "<group>"; };
		2E4AAA73260558910011EBB6 /* FindParent.swift */ = {isa = PBXFileReference; lastKnownFileType = sourcecode.swift; path = FindParent.swift; sourceTree = "<group>"; };
		2E4AAA792607E5B40011EBB6 /* Diameter.swift */ = {isa = PBXFileReference; lastKnownFileType = sourcecode.swift; path = Diameter.swift; sourceTree = "<group>"; };
		2E4AAA7C26098E440011EBB6 /* TreeAssignment.swift */ = {isa = PBXFileReference; fileEncoding = 4; lastKnownFileType = sourcecode.swift; path = TreeAssignment.swift; sourceTree = "<group>"; };
		2E4AAA7F260992240011EBB6 /* LCA.swift */ = {isa = PBXFileReference; lastKnownFileType = sourcecode.swift; path = LCA.swift; sourceTree = "<group>"; };
		2EAA3E64260B178400FE3FFC /* main.swift */ = {isa = PBXFileReference; fileEncoding = 4; lastKnownFileType = sourcecode.swift; path = main.swift; sourceTree = "<group>"; };
		2EAA3E6F260BFDF300FE3FFC /* TreeAssignment1.swift */ = {isa = PBXFileReference; fileEncoding = 4; lastKnownFileType = sourcecode.swift; path = TreeAssignment1.swift; sourceTree = "<group>"; };
		2EAA3E72260BFDFA00FE3FFC /* LCA(linear).swift */ = {isa = PBXFileReference; fileEncoding = 4; lastKnownFileType = sourcecode.swift; path = "LCA(linear).swift"; sourceTree = "<group>"; };
		2EAA3E79260C060A00FE3FFC /* GraphAssignment.swift */ = {isa = PBXFileReference; lastKnownFileType = sourcecode.swift; path = GraphAssignment.swift; sourceTree = "<group>"; };
		2EAA3E7E260C0D3800FE3FFC /* BFS.swift */ = {isa = PBXFileReference; fileEncoding = 4; lastKnownFileType = sourcecode.swift; path = BFS.swift; sourceTree = "<group>"; };
		2EAA3E80260C0D3800FE3FFC /* bipartite.swift */ = {isa = PBXFileReference; fileEncoding = 4; lastKnownFileType = sourcecode.swift; path = bipartite.swift; sourceTree = "<group>"; };
		2EAA3E81260C0D3800FE3FFC /* ConnectedComponents.swift */ = {isa = PBXFileReference; fileEncoding = 4; lastKnownFileType = sourcecode.swift; path = ConnectedComponents.swift; sourceTree = "<group>"; };
		2EAA3E82260C0D3800FE3FFC /* AdjacencyList.swift */ = {isa = PBXFileReference; fileEncoding = 4; lastKnownFileType = sourcecode.swift; path = AdjacencyList.swift; sourceTree = "<group>"; };
		2EAA3E83260C0D3900FE3FFC /* DFS.swift */ = {isa = PBXFileReference; fileEncoding = 4; lastKnownFileType = sourcecode.swift; path = DFS.swift; sourceTree = "<group>"; };
		2EAA3E84260C0D3900FE3FFC /* AdjacencyMatrix.swift */ = {isa = PBXFileReference; fileEncoding = 4; lastKnownFileType = sourcecode.swift; path = AdjacencyMatrix.swift; sourceTree = "<group>"; };
		2EFF957D2617D2DF00B40779 /* Town.swift */ = {isa = PBXFileReference; fileEncoding = 4; lastKnownFileType = sourcecode.swift; path = Town.swift; sourceTree = "<group>"; };
		2EFF95822617DE7200B40779 /* TomatoFarmAss.swift */ = {isa = PBXFileReference; lastKnownFileType = sourcecode.swift; path = TomatoFarmAss.swift; sourceTree = "<group>"; };
		2EFF9589261D723300B40779 /* sushi.swift */ = {isa = PBXFileReference; fileEncoding = 4; lastKnownFileType = sourcecode.swift; path = sushi.swift; sourceTree = "<group>"; };
		2EFF958C261D730500B40779 /* SushiIterative.swift */ = {isa = PBXFileReference; fileEncoding = 4; lastKnownFileType = sourcecode.swift; path = SushiIterative.swift; sourceTree = "<group>"; };
		2EFF958F261D734900B40779 /* TopologicalSort1.swift */ = {isa = PBXFileReference; lastKnownFileType = sourcecode.swift; path = TopologicalSort1.swift; sourceTree = "<group>"; };
		2EFF9593261D736600B40779 /* TopologicalSort.swift */ = {isa = PBXFileReference; fileEncoding = 4; lastKnownFileType = sourcecode.swift; path = TopologicalSort.swift; sourceTree = "<group>"; };
		2EFF959B261E608D00B40779 /* UF.swift */ = {isa = PBXFileReference; fileEncoding = 4; lastKnownFileType = sourcecode.swift; path = UF.swift; sourceTree = "<group>"; };
		2EFF959F261E987B00B40779 /* UF_Exercises.swift */ = {isa = PBXFileReference; lastKnownFileType = sourcecode.swift; path = UF_Exercises.swift; sourceTree = "<group>"; };
		2EFF95A3261FB26800B40779 /* Greedy.swift */ = {isa = PBXFileReference; lastKnownFileType = sourcecode.swift; path = Greedy.swift; sourceTree = "<group>"; };
		2EFF95A72623BDA400B40779 /* MSTImplementation.swift */ = {isa = PBXFileReference; fileEncoding = 4; lastKnownFileType = sourcecode.swift; path = MSTImplementation.swift; sourceTree = "<group>"; };
		2EFF95AA2624136100B40779 /* Bridges.swift */ = {isa = PBXFileReference; fileEncoding = 4; lastKnownFileType = sourcecode.swift; path = Bridges.swift; sourceTree = "<group>"; };
		2EFF95AB2624136100B40779 /* RepeatingSequence.swift */ = {isa = PBXFileReference; fileEncoding = 4; lastKnownFileType = sourcecode.swift; path = RepeatingSequence.swift; sourceTree = "<group>"; };
		2EFF95AC2624136100B40779 /* TomatoFarm.swift */ = {isa = PBXFileReference; fileEncoding = 4; lastKnownFileType = sourcecode.swift; path = TomatoFarm.swift; sourceTree = "<group>"; };
		2EFF95AD2624136100B40779 /* CyclicPermutation.swift */ = {isa = PBXFileReference; fileEncoding = 4; lastKnownFileType = sourcecode.swift; path = CyclicPermutation.swift; sourceTree = "<group>"; };
		2EFF95B32624141800B40779 /* UF (1).swift */ = {isa = PBXFileReference; fileEncoding = 4; lastKnownFileType = sourcecode.swift; path = "UF (1).swift"; sourceTree = "<group>"; };
		2EFF95B7262511D900B40779 /* GasStation.swift */ = {isa = PBXFileReference; fileEncoding = 4; lastKnownFileType = sourcecode.swift; path = GasStation.swift; sourceTree = "<group>"; };
		2EFF95B8262511D900B40779 /* TwoCityScheduling.swift */ = {isa = PBXFileReference; fileEncoding = 4; lastKnownFileType = sourcecode.swift; path = TwoCityScheduling.swift; sourceTree = "<group>"; };
		2EFF95B9262511D900B40779 /* DijkstraArray.swift */ = {isa = PBXFileReference; fileEncoding = 4; lastKnownFileType = sourcecode.swift; path = DijkstraArray.swift; sourceTree = "<group>"; };
		2EFF95BA262511D900B40779 /* PartitionLabels.swift */ = {isa = PBXFileReference; fileEncoding = 4; lastKnownFileType = sourcecode.swift; path = PartitionLabels.swift; sourceTree = "<group>"; };
		2EFF95C02625173900B40779 /* TaskScheduler.swift */ = {isa = PBXFileReference; fileEncoding = 4; lastKnownFileType = sourcecode.swift; path = TaskScheduler.swift; sourceTree = "<group>"; };
		2EFF95C426251B1E00B40779 /* IndexPriorityQueue.swift */ = {isa = PBXFileReference; fileEncoding = 4; lastKnownFileType = sourcecode.swift; path = IndexPriorityQueue.swift; sourceTree = "<group>"; };
		2EFF95C82626440E00B40779 /* File.swift */ = {isa = PBXFileReference; lastKnownFileType = sourcecode.swift; path = File.swift; sourceTree = "<group>"; };
		2EFF95CF2627C8B500B40779 /* MinimumCostFlow.swift */ = {isa = PBXFileReference; lastKnownFileType = sourcecode.swift; path = MinimumCostFlow.swift; sourceTree = "<group>"; };
/* End PBXFileReference section */

/* Begin PBXFrameworksBuildPhase section */
		2E4AAA2C25F820DA0011EBB6 /* Frameworks */ = {
			isa = PBXFrameworksBuildPhase;
			buildActionMask = 2147483647;
			files = (
			);
			runOnlyForDeploymentPostprocessing = 0;
		};
/* End PBXFrameworksBuildPhase section */

/* Begin PBXGroup section */
		2E4AAA2625F820DA0011EBB6 = {
			isa = PBXGroup;
			children = (
				2E4AAA3125F820DB0011EBB6 /* AlgorithmsDataStructure */,
				2E4AAA3025F820DA0011EBB6 /* Products */,
			);
			sourceTree = "<group>";
		};
		2E4AAA3025F820DA0011EBB6 /* Products */ = {
			isa = PBXGroup;
			children = (
				2E4AAA2F25F820DA0011EBB6 /* AlgorithmsDataStructure */,
			);
			name = Products;
			sourceTree = "<group>";
		};
		2E4AAA3125F820DB0011EBB6 /* AlgorithmsDataStructure */ = {
			isa = PBXGroup;
			children = (
				2EFF95C3262519A900B40779 /* ShortestPass */,
				2EFF95A62623BD9700B40779 /* Greedy */,
				2EFF9588261D675000B40779 /* TopologicalSort */,
				2EAA3E7D260C0D2100FE3FFC /* Tree */,
				2EAA3E64260B178400FE3FFC /* main.swift */,
				2E4AAA82260A85550011EBB6 /* Graph */,
				2E4AAA72260558610011EBB6 /* Assignment */,
				2E4AAA6C2603CCA10011EBB6 /* GroupWork */,
				2E4AAA5B25FFF7320011EBB6 /* DataStructures */,
				2E4AAA5525FFD9650011EBB6 /* NQueens */,
				2E4AAA4A25FC0EFF0011EBB6 /* Searching */,
				2E4AAA3A25F820FB0011EBB6 /* Recursion */,
				2E4AAA6A26029C6B0011EBB6 /* Trees */,
				2E4AAA86260B16E80011EBB6 /* SampleAnswer */,
			);
			path = AlgorithmsDataStructure;
			sourceTree = "<group>";
		};
		2E4AAA3A25F820FB0011EBB6 /* Recursion */ = {
			isa = PBXGroup;
			children = (
				2E4AAA3B25F8211C0011EBB6 /* Recursion.swift */,
				2E4AAA4425F9A5970011EBB6 /* String+DPStringTool.swift */,
				2E4AAA3F25F82F960011EBB6 /* provinces.txt */,
				2E4AAA4125F975E80011EBB6 /* ExhaustiveSearch.swift */,
				2E4AAA4725FAC5980011EBB6 /* BackTracking.swift */,
				2E4AAA5225FD8FA00011EBB6 /* FileManager.swift */,
			);
			path = Recursion;
			sourceTree = "<group>";
		};
		2E4AAA4A25FC0EFF0011EBB6 /* Searching */ = {
			isa = PBXGroup;
			children = (
				2E4AAA4B25FC0F270011EBB6 /* Searching.swift */,
				2E4AAA4F25FC11430011EBB6 /* Sorting.swift */,
			);
			path = Searching;
			sourceTree = "<group>";
		};
		2E4AAA5525FFD9650011EBB6 /* NQueens */ = {
			isa = PBXGroup;
			children = (
				2E4AAA5625FFD9E50011EBB6 /* Board.swift */,
				2E4AAA5725FFD9E50011EBB6 /* QueensSolver.swift */,
			);
			path = NQueens;
			sourceTree = "<group>";
		};
		2E4AAA5B25FFF7320011EBB6 /* DataStructures */ = {
			isa = PBXGroup;
			children = (
				2EFF95C426251B1E00B40779 /* IndexPriorityQueue.swift */,
				2E4AAA5C25FFF7470011EBB6 /* Bag.swift */,
				2E4AAA602601455C0011EBB6 /* Stack.swift */,
				2E4AAA63260145730011EBB6 /* Queue.swift */,
			);
			path = DataStructures;
			sourceTree = "<group>";
		};
		2E4AAA6A26029C6B0011EBB6 /* Trees */ = {
			isa = PBXGroup;
			children = (
				2E4AAA6726029C5D0011EBB6 /* TreeTraversal.swift */,
			);
			path = Trees;
			sourceTree = "<group>";
		};
		2E4AAA6C2603CCA10011EBB6 /* GroupWork */ = {
			isa = PBXGroup;
			children = (
				2E4AAA6D2603CD560011EBB6 /* Stream.swift */,
			);
			path = GroupWork;
			sourceTree = "<group>";
		};
		2E4AAA72260558610011EBB6 /* Assignment */ = {
			isa = PBXGroup;
			children = (
				2E4AAA73260558910011EBB6 /* FindParent.swift */,
				2E4AAA792607E5B40011EBB6 /* Diameter.swift */,
				2E4AAA7F260992240011EBB6 /* LCA.swift */,
				2E333BEB2615395900136BD1 /* SushiReviews.swift */,
				2EFF95822617DE7200B40779 /* TomatoFarmAss.swift */,
				2EFF959B261E608D00B40779 /* UF.swift */,
				2EFF958F261D734900B40779 /* TopologicalSort1.swift */,
				2EFF959F261E987B00B40779 /* UF_Exercises.swift */,
				2EFF95A3261FB26800B40779 /* Greedy.swift */,
				2EFF95CF2627C8B500B40779 /* MinimumCostFlow.swift */,
			);
			path = Assignment;
			sourceTree = "<group>";
		};
		2E4AAA82260A85550011EBB6 /* Graph */ = {
			isa = PBXGroup;
			children = (
				2EAA3E79260C060A00FE3FFC /* GraphAssignment.swift */,
				2EFF95802617D2F100B40779 /* Flood Fill */,
			);
			path = Graph;
			sourceTree = "<group>";
		};
		2E4AAA86260B16E80011EBB6 /* SampleAnswer */ = {
			isa = PBXGroup;
			children = (
				2EFF95B6262511C300B40779 /* Greedy_Leetcode */,
				2EFF95AA2624136100B40779 /* Bridges.swift */,
				2EFF95AD2624136100B40779 /* CyclicPermutation.swift */,
				2EFF95AB2624136100B40779 /* RepeatingSequence.swift */,
				2EFF95B32624141800B40779 /* UF (1).swift */,
				2EFF95AC2624136100B40779 /* TomatoFarm.swift */,
				2EAA3E6F260BFDF300FE3FFC /* TreeAssignment1.swift */,
				2EFF958C261D730500B40779 /* SushiIterative.swift */,
				2EAA3E72260BFDFA00FE3FFC /* LCA(linear).swift */,
				2EFF9589261D723300B40779 /* sushi.swift */,
				2E4AAA7C26098E440011EBB6 /* TreeAssignment.swift */,
			);
			path = SampleAnswer;
			sourceTree = "<group>";
		};
		2EAA3E7D260C0D2100FE3FFC /* Tree */ = {
			isa = PBXGroup;
			children = (
				2EAA3E82260C0D3800FE3FFC /* AdjacencyList.swift */,
				2EAA3E84260C0D3900FE3FFC /* AdjacencyMatrix.swift */,
				2EAA3E7E260C0D3800FE3FFC /* BFS.swift */,
				2EAA3E80260C0D3800FE3FFC /* bipartite.swift */,
				2EAA3E81260C0D3800FE3FFC /* ConnectedComponents.swift */,
				2EAA3E83260C0D3900FE3FFC /* DFS.swift */,
			);
			path = Tree;
			sourceTree = "<group>";
		};
		2EFF95802617D2F100B40779 /* Flood Fill */ = {
			isa = PBXGroup;
			children = (
				2EFF957D2617D2DF00B40779 /* Town.swift */,
			);
			path = "Flood Fill";
			sourceTree = "<group>";
		};
		2EFF9588261D675000B40779 /* TopologicalSort */ = {
			isa = PBXGroup;
			children = (
				2EFF9593261D736600B40779 /* TopologicalSort.swift */,
			);
			path = TopologicalSort;
			sourceTree = "<group>";
		};
		2EFF95A62623BD9700B40779 /* Greedy */ = {
			isa = PBXGroup;
			children = (
				2EFF95A72623BDA400B40779 /* MSTImplementation.swift */,
			);
			path = Greedy;
			sourceTree = "<group>";
		};
		2EFF95B6262511C300B40779 /* Greedy_Leetcode */ = {
			isa = PBXGroup;
			children = (
				2EFF95C02625173900B40779 /* TaskScheduler.swift */,
				2EFF95B7262511D900B40779 /* GasStation.swift */,
				2EFF95BA262511D900B40779 /* PartitionLabels.swift */,
				2EFF95B8262511D900B40779 /* TwoCityScheduling.swift */,
			);
			path = Greedy_Leetcode;
			sourceTree = "<group>";
		};
		2EFF95C3262519A900B40779 /* ShortestPass */ = {
			isa = PBXGroup;
			children = (
				2EFF95B9262511D900B40779 /* DijkstraArray.swift */,
				2EFF95C82626440E00B40779 /* File.swift */,
			);
			path = ShortestPass;
			sourceTree = "<group>";
		};
/* End PBXGroup section */

/* Begin PBXNativeTarget section */
		2E4AAA2E25F820DA0011EBB6 /* AlgorithmsDataStructure */ = {
			isa = PBXNativeTarget;
			buildConfigurationList = 2E4AAA3625F820DB0011EBB6 /* Build configuration list for PBXNativeTarget "AlgorithmsDataStructure" */;
			buildPhases = (
				2E4AAA2B25F820DA0011EBB6 /* Sources */,
				2E4AAA2C25F820DA0011EBB6 /* Frameworks */,
				2E4AAA2D25F820DA0011EBB6 /* CopyFiles */,
			);
			buildRules = (
			);
			dependencies = (
			);
			name = AlgorithmsDataStructure;
			productName = AlgorithmsDataStructure;
			productReference = 2E4AAA2F25F820DA0011EBB6 /* AlgorithmsDataStructure */;
			productType = "com.apple.product-type.tool";
		};
/* End PBXNativeTarget section */

/* Begin PBXProject section */
		2E4AAA2725F820DA0011EBB6 /* Project object */ = {
			isa = PBXProject;
			attributes = {
				LastSwiftUpdateCheck = 1240;
				LastUpgradeCheck = 1240;
				TargetAttributes = {
					2E4AAA2E25F820DA0011EBB6 = {
						CreatedOnToolsVersion = 12.4;
					};
				};
			};
			buildConfigurationList = 2E4AAA2A25F820DA0011EBB6 /* Build configuration list for PBXProject "AlgorithmsDataStructure" */;
			compatibilityVersion = "Xcode 9.3";
			developmentRegion = en;
			hasScannedForEncodings = 0;
			knownRegions = (
				en,
				Base,
			);
			mainGroup = 2E4AAA2625F820DA0011EBB6;
			productRefGroup = 2E4AAA3025F820DA0011EBB6 /* Products */;
			projectDirPath = "";
			projectRoot = "";
			targets = (
				2E4AAA2E25F820DA0011EBB6 /* AlgorithmsDataStructure */,
			);
		};
/* End PBXProject section */

/* Begin PBXSourcesBuildPhase section */
		2E4AAA2B25F820DA0011EBB6 /* Sources */ = {
			isa = PBXSourcesBuildPhase;
			buildActionMask = 2147483647;
			files = (
				2E4AAA4C25FC0F270011EBB6 /* Searching.swift in Sources */,
				2E4AAA5925FFD9E50011EBB6 /* QueensSolver.swift in Sources */,
				2EFF959C261E608D00B40779 /* UF.swift in Sources */,
				2E4AAA5D25FFF7470011EBB6 /* Bag.swift in Sources */,
				2EAA3E85260C0D3900FE3FFC /* BFS.swift in Sources */,
				2E4AAA4225F975E80011EBB6 /* ExhaustiveSearch.swift in Sources */,
				2EAA3E8A260C0D3900FE3FFC /* DFS.swift in Sources */,
				2EFF95B02624136100B40779 /* TomatoFarm.swift in Sources */,
				2E4AAA612601455C0011EBB6 /* Stack.swift in Sources */,
				2EFF95C12625173900B40779 /* TaskScheduler.swift in Sources */,
				2EFF9594261D736600B40779 /* TopologicalSort.swift in Sources */,
				2E333BEC2615395900136BD1 /* SushiReviews.swift in Sources */,
				2E4AAA74260558910011EBB6 /* FindParent.swift in Sources */,
				2EFF95B42624141800B40779 /* UF (1).swift in Sources */,
				2EFF95BE262511D900B40779 /* PartitionLabels.swift in Sources */,
				2E4AAA6E2603CD560011EBB6 /* Stream.swift in Sources */,
				2EAA3E65260B178400FE3FFC /* main.swift in Sources */,
				2E4AAA64260145730011EBB6 /* Queue.swift in Sources */,
				2E4AAA3C25F8211C0011EBB6 /* Recursion.swift in Sources */,
				2EFF95A4261FB26800B40779 /* Greedy.swift in Sources */,
				2EFF95A0261E987B00B40779 /* UF_Exercises.swift in Sources */,
				2EFF95D02627C8B500B40779 /* MinimumCostFlow.swift in Sources */,
				2EFF95AF2624136100B40779 /* RepeatingSequence.swift in Sources */,
				2EFF957E2617D2DF00B40779 /* Town.swift in Sources */,
				2EAA3E7A260C060A00FE3FFC /* GraphAssignment.swift in Sources */,
				2EFF95C526251B1E00B40779 /* IndexPriorityQueue.swift in Sources */,
				2EAA3E89260C0D3900FE3FFC /* AdjacencyList.swift in Sources */,
				2E4AAA80260992240011EBB6 /* LCA.swift in Sources */,
				2EAA3E70260BFDF300FE3FFC /* TreeAssignment1.swift in Sources */,
				2EFF95C92626440E00B40779 /* File.swift in Sources */,
				2EFF95BC262511D900B40779 /* TwoCityScheduling.swift in Sources */,
				2EFF958A261D723300B40779 /* sushi.swift in Sources */,
				2E4AAA6826029C5D0011EBB6 /* TreeTraversal.swift in Sources */,
				2EFF95A82623BDA400B40779 /* MSTImplementation.swift in Sources */,
				2E4AAA5025FC11430011EBB6 /* Sorting.swift in Sources */,
				2E4AAA4825FAC5980011EBB6 /* BackTracking.swift in Sources */,
				2EAA3E8B260C0D3900FE3FFC /* AdjacencyMatrix.swift in Sources */,
				2EAA3E73260BFDFA00FE3FFC /* LCA(linear).swift in Sources */,
				2EFF95B12624136100B40779 /* CyclicPermutation.swift in Sources */,
				2EFF95BB262511D900B40779 /* GasStation.swift in Sources */,
				2E4AAA7A2607E5B40011EBB6 /* Diameter.swift in Sources */,
				2EFF95832617DE7200B40779 /* TomatoFarmAss.swift in Sources */,
				2EAA3E87260C0D3900FE3FFC /* bipartite.swift in Sources */,
				2EFF95BD262511D900B40779 /* DijkstraArray.swift in Sources */,
				2EFF95AE2624136100B40779 /* Bridges.swift in Sources */,
				2E4AAA4525F9A5970011EBB6 /* String+DPStringTool.swift in Sources */,
				2E4AAA5325FD8FA00011EBB6 /* FileManager.swift in Sources */,
				2EFF9590261D734900B40779 /* TopologicalSort1.swift in Sources */,
				2EAA3E88260C0D3900FE3FFC /* ConnectedComponents.swift in Sources */,
				2EFF958D261D730500B40779 /* SushiIterative.swift in Sources */,
				2E4AAA7D26098E450011EBB6 /* TreeAssignment.swift in Sources */,
				2E4AAA5825FFD9E50011EBB6 /* Board.swift in Sources */,
			);
			runOnlyForDeploymentPostprocessing = 0;
		};
/* End PBXSourcesBuildPhase section */

/* Begin XCBuildConfiguration section */
		2E4AAA3425F820DB0011EBB6 /* Debug */ = {
			isa = XCBuildConfiguration;
			buildSettings = {
				ALWAYS_SEARCH_USER_PATHS = NO;
				CLANG_ANALYZER_NONNULL = YES;
				CLANG_ANALYZER_NUMBER_OBJECT_CONVERSION = YES_AGGRESSIVE;
				CLANG_CXX_LANGUAGE_STANDARD = "gnu++14";
				CLANG_CXX_LIBRARY = "libc++";
				CLANG_ENABLE_MODULES = YES;
				CLANG_ENABLE_OBJC_ARC = YES;
				CLANG_ENABLE_OBJC_WEAK = YES;
				CLANG_WARN_BLOCK_CAPTURE_AUTORELEASING = YES;
				CLANG_WARN_BOOL_CONVERSION = YES;
				CLANG_WARN_COMMA = YES;
				CLANG_WARN_CONSTANT_CONVERSION = YES;
				CLANG_WARN_DEPRECATED_OBJC_IMPLEMENTATIONS = YES;
				CLANG_WARN_DIRECT_OBJC_ISA_USAGE = YES_ERROR;
				CLANG_WARN_DOCUMENTATION_COMMENTS = YES;
				CLANG_WARN_EMPTY_BODY = YES;
				CLANG_WARN_ENUM_CONVERSION = YES;
				CLANG_WARN_INFINITE_RECURSION = YES;
				CLANG_WARN_INT_CONVERSION = YES;
				CLANG_WARN_NON_LITERAL_NULL_CONVERSION = YES;
				CLANG_WARN_OBJC_IMPLICIT_RETAIN_SELF = YES;
				CLANG_WARN_OBJC_LITERAL_CONVERSION = YES;
				CLANG_WARN_OBJC_ROOT_CLASS = YES_ERROR;
				CLANG_WARN_QUOTED_INCLUDE_IN_FRAMEWORK_HEADER = YES;
				CLANG_WARN_RANGE_LOOP_ANALYSIS = YES;
				CLANG_WARN_STRICT_PROTOTYPES = YES;
				CLANG_WARN_SUSPICIOUS_MOVE = YES;
				CLANG_WARN_UNGUARDED_AVAILABILITY = YES_AGGRESSIVE;
				CLANG_WARN_UNREACHABLE_CODE = YES;
				CLANG_WARN__DUPLICATE_METHOD_MATCH = YES;
				COPY_PHASE_STRIP = NO;
				DEBUG_INFORMATION_FORMAT = dwarf;
				ENABLE_STRICT_OBJC_MSGSEND = YES;
				ENABLE_TESTABILITY = YES;
				GCC_C_LANGUAGE_STANDARD = gnu11;
				GCC_DYNAMIC_NO_PIC = NO;
				GCC_NO_COMMON_BLOCKS = YES;
				GCC_OPTIMIZATION_LEVEL = 0;
				GCC_PREPROCESSOR_DEFINITIONS = (
					"DEBUG=1",
					"$(inherited)",
				);
				GCC_WARN_64_TO_32_BIT_CONVERSION = YES;
				GCC_WARN_ABOUT_RETURN_TYPE = YES_ERROR;
				GCC_WARN_UNDECLARED_SELECTOR = YES;
				GCC_WARN_UNINITIALIZED_AUTOS = YES_AGGRESSIVE;
				GCC_WARN_UNUSED_FUNCTION = YES;
				GCC_WARN_UNUSED_VARIABLE = YES;
				MACOSX_DEPLOYMENT_TARGET = 10.15;
				MTL_ENABLE_DEBUG_INFO = INCLUDE_SOURCE;
				MTL_FAST_MATH = YES;
				ONLY_ACTIVE_ARCH = YES;
				SDKROOT = macosx;
				SWIFT_ACTIVE_COMPILATION_CONDITIONS = DEBUG;
				SWIFT_OPTIMIZATION_LEVEL = "-Onone";
			};
			name = Debug;
		};
		2E4AAA3525F820DB0011EBB6 /* Release */ = {
			isa = XCBuildConfiguration;
			buildSettings = {
				ALWAYS_SEARCH_USER_PATHS = NO;
				CLANG_ANALYZER_NONNULL = YES;
				CLANG_ANALYZER_NUMBER_OBJECT_CONVERSION = YES_AGGRESSIVE;
				CLANG_CXX_LANGUAGE_STANDARD = "gnu++14";
				CLANG_CXX_LIBRARY = "libc++";
				CLANG_ENABLE_MODULES = YES;
				CLANG_ENABLE_OBJC_ARC = YES;
				CLANG_ENABLE_OBJC_WEAK = YES;
				CLANG_WARN_BLOCK_CAPTURE_AUTORELEASING = YES;
				CLANG_WARN_BOOL_CONVERSION = YES;
				CLANG_WARN_COMMA = YES;
				CLANG_WARN_CONSTANT_CONVERSION = YES;
				CLANG_WARN_DEPRECATED_OBJC_IMPLEMENTATIONS = YES;
				CLANG_WARN_DIRECT_OBJC_ISA_USAGE = YES_ERROR;
				CLANG_WARN_DOCUMENTATION_COMMENTS = YES;
				CLANG_WARN_EMPTY_BODY = YES;
				CLANG_WARN_ENUM_CONVERSION = YES;
				CLANG_WARN_INFINITE_RECURSION = YES;
				CLANG_WARN_INT_CONVERSION = YES;
				CLANG_WARN_NON_LITERAL_NULL_CONVERSION = YES;
				CLANG_WARN_OBJC_IMPLICIT_RETAIN_SELF = YES;
				CLANG_WARN_OBJC_LITERAL_CONVERSION = YES;
				CLANG_WARN_OBJC_ROOT_CLASS = YES_ERROR;
				CLANG_WARN_QUOTED_INCLUDE_IN_FRAMEWORK_HEADER = YES;
				CLANG_WARN_RANGE_LOOP_ANALYSIS = YES;
				CLANG_WARN_STRICT_PROTOTYPES = YES;
				CLANG_WARN_SUSPICIOUS_MOVE = YES;
				CLANG_WARN_UNGUARDED_AVAILABILITY = YES_AGGRESSIVE;
				CLANG_WARN_UNREACHABLE_CODE = YES;
				CLANG_WARN__DUPLICATE_METHOD_MATCH = YES;
				COPY_PHASE_STRIP = NO;
				DEBUG_INFORMATION_FORMAT = "dwarf-with-dsym";
				ENABLE_NS_ASSERTIONS = NO;
				ENABLE_STRICT_OBJC_MSGSEND = YES;
				GCC_C_LANGUAGE_STANDARD = gnu11;
				GCC_NO_COMMON_BLOCKS = YES;
				GCC_WARN_64_TO_32_BIT_CONVERSION = YES;
				GCC_WARN_ABOUT_RETURN_TYPE = YES_ERROR;
				GCC_WARN_UNDECLARED_SELECTOR = YES;
				GCC_WARN_UNINITIALIZED_AUTOS = YES_AGGRESSIVE;
				GCC_WARN_UNUSED_FUNCTION = YES;
				GCC_WARN_UNUSED_VARIABLE = YES;
				MACOSX_DEPLOYMENT_TARGET = 10.15;
				MTL_ENABLE_DEBUG_INFO = NO;
				MTL_FAST_MATH = YES;
				SDKROOT = macosx;
				SWIFT_COMPILATION_MODE = wholemodule;
				SWIFT_OPTIMIZATION_LEVEL = "-O";
			};
			name = Release;
		};
		2E4AAA3725F820DB0011EBB6 /* Debug */ = {
			isa = XCBuildConfiguration;
			buildSettings = {
				CODE_SIGN_STYLE = Automatic;
				DEVELOPMENT_TEAM = JN53LP5Q35;
				ENABLE_HARDENED_RUNTIME = YES;
				PRODUCT_NAME = "$(TARGET_NAME)";
				SWIFT_VERSION = 5.0;
			};
			name = Debug;
		};
		2E4AAA3825F820DB0011EBB6 /* Release */ = {
			isa = XCBuildConfiguration;
			buildSettings = {
				CODE_SIGN_STYLE = Automatic;
				DEVELOPMENT_TEAM = JN53LP5Q35;
				ENABLE_HARDENED_RUNTIME = YES;
				PRODUCT_NAME = "$(TARGET_NAME)";
				SWIFT_VERSION = 5.0;
			};
			name = Release;
		};
/* End XCBuildConfiguration section */

/* Begin XCConfigurationList section */
		2E4AAA2A25F820DA0011EBB6 /* Build configuration list for PBXProject "AlgorithmsDataStructure" */ = {
			isa = XCConfigurationList;
			buildConfigurations = (
				2E4AAA3425F820DB0011EBB6 /* Debug */,
				2E4AAA3525F820DB0011EBB6 /* Release */,
			);
			defaultConfigurationIsVisible = 0;
			defaultConfigurationName = Release;
		};
		2E4AAA3625F820DB0011EBB6 /* Build configuration list for PBXNativeTarget "AlgorithmsDataStructure" */ = {
			isa = XCConfigurationList;
			buildConfigurations = (
				2E4AAA3725F820DB0011EBB6 /* Debug */,
				2E4AAA3825F820DB0011EBB6 /* Release */,
			);
			defaultConfigurationIsVisible = 0;
			defaultConfigurationName = Release;
		};
/* End XCConfigurationList section */
	};
	rootObject = 2E4AAA2725F820DA0011EBB6 /* Project object */;
}
